dependencies:
- name: crypto-market-feed
  repository: file://../services/crypto-market-feed
  version: 0.1.0
- name: crypto-kafka
  repository: file://../services/crypto-kafka
  version: 0.1.0
digest: sha256:d69cd798c053dedf8b4b34d8510cc5cd0eb745fb55e1085c6ed96c9a9df247ef
generated: "2025-08-24T22:34:19.571336+02:00"
