dependencies:
- name: crypto-market-feed
  repository: file://../services/crypto-market-feed
  version: 0.1.0
- name: crypto-kafka
  repository: file://../services/crypto-kafka
  version: 0.1.0
- name: crypto-flink
  repository: file://../services/crypto-flink
  version: 0.1.0
digest: sha256:091d6cc3252f72f6799849e539ccc0a7c2beef84124a4f0fd9015dba4c03332e
generated: "2025-08-31T22:04:12.573889+02:00"
