dependencies:
- name: crypto-market-feed
  repository: file://../services/crypto-market-feed
  version: 0.1.0
- name: kafka
  repository: https://charts.bitnami.com/bitnami
  version: 32.3.0
digest: sha256:5c75c3afa31540495419bd3b3eb4e68967b557806b8816b2e2906d076865e1d3
generated: "2025-08-24T21:50:20.353556+02:00"
